
Microsoft Visual Studio Solution File, Format Version 12.00
# Visual Studio 15
VisualStudioVersion = 15.0.26124.0
MinimumVisualStudioVersion = 15.0.26124.0
Project("{FAE04EC0-301F-11D3-BF4B-00C04F79EFBC}") = "testexperticket.webapi", "testexperticket.webapi\testexperticket.webapi.csproj", "{D171A67E-6B01-44B3-A45D-CECC79336484}"
EndProject
Project("{FAE04EC0-301F-11D3-BF4B-00C04F79EFBC}") = "testexperticket.Core", "testexperticket.Core\testexperticket.Core.csproj", "{662B2691-A888-453C-B9FD-8E1F987290DE}"
EndProject
Project("{FAE04EC0-301F-11D3-BF4B-00C04F79EFBC}") = "testexperticket.Persistence", "testexperticket.Persistence\testexperticket.Persistence.csproj", "{36C09BCB-D6C3-48E5-9AB9-ECB4C3129853}"
EndProject
Global
	GlobalSection(SolutionConfigurationPlatforms) = preSolution
		Debug|Any CPU = Debug|Any CPU
		Debug|x64 = Debug|x64
		Debug|x86 = Debug|x86
		Release|Any CPU = Release|Any CPU
		Release|x64 = Release|x64
		Release|x86 = Release|x86
	EndGlobalSection
	GlobalSection(SolutionProperties) = preSolution
		HideSolutionNode = FALSE
	EndGlobalSection
	GlobalSection(ProjectConfigurationPlatforms) = postSolution
		{D171A67E-6B01-44B3-A45D-CECC79336484}.Debug|Any CPU.ActiveCfg = Debug|Any CPU
		{D171A67E-6B01-44B3-A45D-CECC79336484}.Debug|Any CPU.Build.0 = Debug|Any CPU
		{D171A67E-6B01-44B3-A45D-CECC79336484}.Debug|x64.ActiveCfg = Debug|Any CPU
		{D171A67E-6B01-44B3-A45D-CECC79336484}.Debug|x64.Build.0 = Debug|Any CPU
		{D171A67E-6B01-44B3-A45D-CECC79336484}.Debug|x86.ActiveCfg = Debug|Any CPU
		{D171A67E-6B01-44B3-A45D-CECC79336484}.Debug|x86.Build.0 = Debug|Any CPU
		{D171A67E-6B01-44B3-A45D-CECC79336484}.Release|Any CPU.ActiveCfg = Release|Any CPU
		{D171A67E-6B01-44B3-A45D-CECC79336484}.Release|Any CPU.Build.0 = Release|Any CPU
		{D171A67E-6B01-44B3-A45D-CECC79336484}.Release|x64.ActiveCfg = Release|Any CPU
		{D171A67E-6B01-44B3-A45D-CECC79336484}.Release|x64.Build.0 = Release|Any CPU
		{D171A67E-6B01-44B3-A45D-CECC79336484}.Release|x86.ActiveCfg = Release|Any CPU
		{D171A67E-6B01-44B3-A45D-CECC79336484}.Release|x86.Build.0 = Release|Any CPU
		{662B2691-A888-453C-B9FD-8E1F987290DE}.Debug|Any CPU.ActiveCfg = Debug|Any CPU
		{662B2691-A888-453C-B9FD-8E1F987290DE}.Debug|Any CPU.Build.0 = Debug|Any CPU
		{662B2691-A888-453C-B9FD-8E1F987290DE}.Debug|x64.ActiveCfg = Debug|Any CPU
		{662B2691-A888-453C-B9FD-8E1F987290DE}.Debug|x64.Build.0 = Debug|Any CPU
		{662B2691-A888-453C-B9FD-8E1F987290DE}.Debug|x86.ActiveCfg = Debug|Any CPU
		{662B2691-A888-453C-B9FD-8E1F987290DE}.Debug|x86.Build.0 = Debug|Any CPU
		{662B2691-A888-453C-B9FD-8E1F987290DE}.Release|Any CPU.ActiveCfg = Release|Any CPU
		{662B2691-A888-453C-B9FD-8E1F987290DE}.Release|Any CPU.Build.0 = Release|Any CPU
		{662B2691-A888-453C-B9FD-8E1F987290DE}.Release|x64.ActiveCfg = Release|Any CPU
		{662B2691-A888-453C-B9FD-8E1F987290DE}.Release|x64.Build.0 = Release|Any CPU
		{662B2691-A888-453C-B9FD-8E1F987290DE}.Release|x86.ActiveCfg = Release|Any CPU
		{662B2691-A888-453C-B9FD-8E1F987290DE}.Release|x86.Build.0 = Release|Any CPU
		{36C09BCB-D6C3-48E5-9AB9-ECB4C3129853}.Debug|Any CPU.ActiveCfg = Debug|Any CPU
		{36C09BCB-D6C3-48E5-9AB9-ECB4C3129853}.Debug|Any CPU.Build.0 = Debug|Any CPU
		{36C09BCB-D6C3-48E5-9AB9-ECB4C3129853}.Debug|x64.ActiveCfg = Debug|Any CPU
		{36C09BCB-D6C3-48E5-9AB9-ECB4C3129853}.Debug|x64.Build.0 = Debug|Any CPU
		{36C09BCB-D6C3-48E5-9AB9-ECB4C3129853}.Debug|x86.ActiveCfg = Debug|Any CPU
		{36C09BCB-D6C3-48E5-9AB9-ECB4C3129853}.Debug|x86.Build.0 = Debug|Any CPU
		{36C09BCB-D6C3-48E5-9AB9-ECB4C3129853}.Release|Any CPU.ActiveCfg = Release|Any CPU
		{36C09BCB-D6C3-48E5-9AB9-ECB4C3129853}.Release|Any CPU.Build.0 = Release|Any CPU
		{36C09BCB-D6C3-48E5-9AB9-ECB4C3129853}.Release|x64.ActiveCfg = Release|Any CPU
		{36C09BCB-D6C3-48E5-9AB9-ECB4C3129853}.Release|x64.Build.0 = Release|Any CPU
		{36C09BCB-D6C3-48E5-9AB9-ECB4C3129853}.Release|x86.ActiveCfg = Release|Any CPU
		{36C09BCB-D6C3-48E5-9AB9-ECB4C3129853}.Release|x86.Build.0 = Release|Any CPU
	EndGlobalSection
EndGlobal
